// !$*UTF8*$!
{
	archiveVersion = 1;
	classes = {
	};
	objectVersion = 46;
	objects = {

/* Begin PBXBuildFile section */
		0AB0B5A71CACAEAD004B2455 /* AppDelegate.swift in Sources */ = {isa = PBXBuildFile; fileRef = 0AB0B5A61CACAEAD004B2455 /* AppDelegate.swift */; };
		0AB0B5A91CACAEAD004B2455 /* ViewController.swift in Sources */ = {isa = PBXBuildFile; fileRef = 0AB0B5A81CACAEAD004B2455 /* ViewController.swift */; };
		0AB0B5AC1CACAEAD004B2455 /* Main.storyboard in Resources */ = {isa = PBXBuildFile; fileRef = 0AB0B5AA1CACAEAD004B2455 /* Main.storyboard */; };
		0AB0B5AE1CACAEAD004B2455 /* Assets.xcassets in Resources */ = {isa = PBXBuildFile; fileRef = 0AB0B5AD1CACAEAD004B2455 /* Assets.xcassets */; };
		0AB0B5B11CACAEAD004B2455 /* LaunchScreen.storyboard in Resources */ = {isa = PBXBuildFile; fileRef = 0AB0B5AF1CACAEAD004B2455 /* LaunchScreen.storyboard */; };
		0AB0B5BC1CACAEAE004B2455 /* MusicVideoTests.swift in Sources */ = {isa = PBXBuildFile; fileRef = 0AB0B5BB1CACAEAE004B2455 /* MusicVideoTests.swift */; };
		0AB0B5C71CACAEAE004B2455 /* MusicVideoUITests.swift in Sources */ = {isa = PBXBuildFile; fileRef = 0AB0B5C61CACAEAE004B2455 /* MusicVideoUITests.swift */; };
		0AB0B5D91CACB50D004B2455 /* APIManager.swift in Sources */ = {isa = PBXBuildFile; fileRef = 0AB0B5D81CACB50D004B2455 /* APIManager.swift */; };
		0AF209F81CB0881D008A327C /* Constants.swift in Sources */ = {isa = PBXBuildFile; fileRef = 0AF209F71CB0881D008A327C /* Constants.swift */; };
		0AF209FA1CB08C0A008A327C /* MuiscVideo.swift in Sources */ = {isa = PBXBuildFile; fileRef = 0AF209F91CB08C0A008A327C /* MuiscVideo.swift */; };
/* End PBXBuildFile section */

/* Begin PBXContainerItemProxy section */
		0AB0B5B81CACAEAE004B2455 /* PBXContainerItemProxy */ = {
			isa = PBXContainerItemProxy;
			containerPortal = 0AB0B59B1CACAEAD004B2455 /* Project object */;
			proxyType = 1;
			remoteGlobalIDString = 0AB0B5A21CACAEAD004B2455;
			remoteInfo = MusicVideo;
		};
		0AB0B5C31CACAEAE004B2455 /* PBXContainerItemProxy */ = {
			isa = PBXContainerItemProxy;
			containerPortal = 0AB0B59B1CACAEAD004B2455 /* Project object */;
			proxyType = 1;
			remoteGlobalIDString = 0AB0B5A21CACAEAD004B2455;
			remoteInfo = MusicVideo;
		};
/* End PBXContainerItemProxy section */

/* Begin PBXFileReference section */
		0AB0B5A31CACAEAD004B2455 /* MusicVideo.app */ = {isa = PBXFileReference; explicitFileType = wrapper.application; includeInIndex = 0; path = MusicVideo.app; sourceTree = BUILT_PRODUCTS_DIR; };
		0AB0B5A61CACAEAD004B2455 /* AppDelegate.swift */ = {isa = PBXFileReference; lastKnownFileType = sourcecode.swift; path = AppDelegate.swift; sourceTree = "<group>"; };
		0AB0B5A81CACAEAD004B2455 /* ViewController.swift */ = {isa = PBXFileReference; lastKnownFileType = sourcecode.swift; path = ViewController.swift; sourceTree = "<group>"; };
		0AB0B5AB1CACAEAD004B2455 /* Base */ = {isa = PBXFileReference; lastKnownFileType = file.storyboard; name = Base; path = Base.lproj/Main.storyboard; sourceTree = "<group>"; };
		0AB0B5AD1CACAEAD004B2455 /* Assets.xcassets */ = {isa = PBXFileReference; lastKnownFileType = folder.assetcatalog; path = Assets.xcassets; sourceTree = "<group>"; };
		0AB0B5B01CACAEAD004B2455 /* Base */ = {isa = PBXFileReference; lastKnownFileType = file.storyboard; name = Base; path = Base.lproj/LaunchScreen.storyboard; sourceTree = "<group>"; };
		0AB0B5B21CACAEAD004B2455 /* Info.plist */ = {isa = PBXFileReference; lastKnownFileType = text.plist.xml; path = Info.plist; sourceTree = "<group>"; };
		0AB0B5B71CACAEAE004B2455 /* MusicVideoTests.xctest */ = {isa = PBXFileReference; explicitFileType = wrapper.cfbundle; includeInIndex = 0; path = MusicVideoTests.xctest; sourceTree = BUILT_PRODUCTS_DIR; };
		0AB0B5BB1CACAEAE004B2455 /* MusicVideoTests.swift */ = {isa = PBXFileReference; lastKnownFileType = sourcecode.swift; path = MusicVideoTests.swift; sourceTree = "<group>"; };
		0AB0B5BD1CACAEAE004B2455 /* Info.plist */ = {isa = PBXFileReference; lastKnownFileType = text.plist.xml; path = Info.plist; sourceTree = "<group>"; };
		0AB0B5C21CACAEAE004B2455 /* MusicVideoUITests.xctest */ = {isa = PBXFileReference; explicitFileType = wrapper.cfbundle; includeInIndex = 0; path = MusicVideoUITests.xctest; sourceTree = BUILT_PRODUCTS_DIR; };
		0AB0B5C61CACAEAE004B2455 /* MusicVideoUITests.swift */ = {isa = PBXFileReference; lastKnownFileType = sourcecode.swift; path = MusicVideoUITests.swift; sourceTree = "<group>"; };
		0AB0B5C81CACAEAE004B2455 /* Info.plist */ = {isa = PBXFileReference; lastKnownFileType = text.plist.xml; path = Info.plist; sourceTree = "<group>"; };
		0AB0B5D81CACB50D004B2455 /* APIManager.swift */ = {isa = PBXFileReference; fileEncoding = 4; lastKnownFileType = sourcecode.swift; path = APIManager.swift; sourceTree = "<group>"; };
		0AF209F71CB0881D008A327C /* Constants.swift */ = {isa = PBXFileReference; fileEncoding = 4; lastKnownFileType = sourcecode.swift; path = Constants.swift; sourceTree = "<group>"; };
		0AF209F91CB08C0A008A327C /* MuiscVideo.swift */ = {isa = PBXFileReference; fileEncoding = 4; lastKnownFileType = sourcecode.swift; path = MuiscVideo.swift; sourceTree = "<group>"; };
/* End PBXFileReference section */

/* Begin PBXFrameworksBuildPhase section */
		0AB0B5A01CACAEAD004B2455 /* Frameworks */ = {
			isa = PBXFrameworksBuildPhase;
			buildActionMask = 2147483647;
			files = (
			);
			runOnlyForDeploymentPostprocessing = 0;
		};
		0AB0B5B41CACAEAE004B2455 /* Frameworks */ = {
			isa = PBXFrameworksBuildPhase;
			buildActionMask = 2147483647;
			files = (
			);
			runOnlyForDeploymentPostprocessing = 0;
		};
		0AB0B5BF1CACAEAE004B2455 /* Frameworks */ = {
			isa = PBXFrameworksBuildPhase;
			buildActionMask = 2147483647;
			files = (
			);
			runOnlyForDeploymentPostprocessing = 0;
		};
/* End PBXFrameworksBuildPhase section */

/* Begin PBXGroup section */
		0AB0B59A1CACAEAD004B2455 = {
			isa = PBXGroup;
			children = (
				0AB0B5A51CACAEAD004B2455 /* MusicVideo */,
				0AB0B5BA1CACAEAE004B2455 /* MusicVideoTests */,
				0AB0B5C51CACAEAE004B2455 /* MusicVideoUITests */,
				0AB0B5A41CACAEAD004B2455 /* Products */,
			);
			sourceTree = "<group>";
		};
		0AB0B5A41CACAEAD004B2455 /* Products */ = {
			isa = PBXGroup;
			children = (
				0AB0B5A31CACAEAD004B2455 /* MusicVideo.app */,
				0AB0B5B71CACAEAE004B2455 /* MusicVideoTests.xctest */,
				0AB0B5C21CACAEAE004B2455 /* MusicVideoUITests.xctest */,
			);
			name = Products;
			sourceTree = "<group>";
		};
		0AB0B5A51CACAEAD004B2455 /* MusicVideo */ = {
			isa = PBXGroup;
			children = (
				0AF209F61CB08776008A327C /* Utils */,
				0AB0B5D71CACAFF7004B2455 /* Supporting Files */,
				0AB0B5D41CACAF53004B2455 /* Model */,
				0AB0B5D51CACAF65004B2455 /* Controller */,
				0AB0B5D61CACAFC5004B2455 /* View */,
			);
			path = MusicVideo;
			sourceTree = "<group>";
		};
		0AB0B5BA1CACAEAE004B2455 /* MusicVideoTests */ = {
			isa = PBXGroup;
			children = (
				0AB0B5BB1CACAEAE004B2455 /* MusicVideoTests.swift */,
				0AB0B5BD1CACAEAE004B2455 /* Info.plist */,
			);
			path = MusicVideoTests;
			sourceTree = "<group>";
		};
		0AB0B5C51CACAEAE004B2455 /* MusicVideoUITests */ = {
			isa = PBXGroup;
			children = (
				0AB0B5C61CACAEAE004B2455 /* MusicVideoUITests.swift */,
				0AB0B5C81CACAEAE004B2455 /* Info.plist */,
			);
			path = MusicVideoUITests;
			sourceTree = "<group>";
		};
		0AB0B5D41CACAF53004B2455 /* Model */ = {
			isa = PBXGroup;
			children = (
				0AB0B5D81CACB50D004B2455 /* APIManager.swift */,
			);
			name = Model;
			sourceTree = "<group>";
		};
		0AB0B5D51CACAF65004B2455 /* Controller */ = {
			isa = PBXGroup;
			children = (
				0AF209F91CB08C0A008A327C /* MuiscVideo.swift */,
				0AB0B5A81CACAEAD004B2455 /* ViewController.swift */,
			);
			name = Controller;
			sourceTree = "<group>";
		};
		0AB0B5D61CACAFC5004B2455 /* View */ = {
			isa = PBXGroup;
			children = (
				0AB0B5AF1CACAEAD004B2455 /* LaunchScreen.storyboard */,
				0AB0B5AA1CACAEAD004B2455 /* Main.storyboard */,
			);
			name = View;
			sourceTree = "<group>";
		};
		0AB0B5D71CACAFF7004B2455 /* Supporting Files */ = {
			isa = PBXGroup;
			children = (
				0AB0B5AD1CACAEAD004B2455 /* Assets.xcassets */,
				0AB0B5A61CACAEAD004B2455 /* AppDelegate.swift */,
				0AB0B5B21CACAEAD004B2455 /* Info.plist */,
			);
			name = "Supporting Files";
			sourceTree = "<group>";
		};
		0AF209F61CB08776008A327C /* Utils */ = {
			isa = PBXGroup;
			children = (
				0AF209F71CB0881D008A327C /* Constants.swift */,
			);
			name = Utils;
			sourceTree = "<group>";
		};
/* End PBXGroup section */

/* Begin PBXNativeTarget section */
		0AB0B5A21CACAEAD004B2455 /* MusicVideo */ = {
			isa = PBXNativeTarget;
			buildConfigurationList = 0AB0B5CB1CACAEAE004B2455 /* Build configuration list for PBXNativeTarget "MusicVideo" */;
			buildPhases = (
				0AB0B59F1CACAEAD004B2455 /* Sources */,
				0AB0B5A01CACAEAD004B2455 /* Frameworks */,
				0AB0B5A11CACAEAD004B2455 /* Resources */,
			);
			buildRules = (
			);
			dependencies = (
			);
			name = MusicVideo;
			productName = MusicVideo;
			productReference = 0AB0B5A31CACAEAD004B2455 /* MusicVideo.app */;
			productType = "com.apple.product-type.application";
		};
		0AB0B5B61CACAEAE004B2455 /* MusicVideoTests */ = {
			isa = PBXNativeTarget;
			buildConfigurationList = 0AB0B5CE1CACAEAE004B2455 /* Build configuration list for PBXNativeTarget "MusicVideoTests" */;
			buildPhases = (
				0AB0B5B31CACAEAE004B2455 /* Sources */,
				0AB0B5B41CACAEAE004B2455 /* Frameworks */,
				0AB0B5B51CACAEAE004B2455 /* Resources */,
			);
			buildRules = (
			);
			dependencies = (
				0AB0B5B91CACAEAE004B2455 /* PBXTargetDependency */,
			);
			name = MusicVideoTests;
			productName = MusicVideoTests;
			productReference = 0AB0B5B71CACAEAE004B2455 /* MusicVideoTests.xctest */;
			productType = "com.apple.product-type.bundle.unit-test";
		};
		0AB0B5C11CACAEAE004B2455 /* MusicVideoUITests */ = {
			isa = PBXNativeTarget;
			buildConfigurationList = 0AB0B5D11CACAEAE004B2455 /* Build configuration list for PBXNativeTarget "MusicVideoUITests" */;
			buildPhases = (
				0AB0B5BE1CACAEAE004B2455 /* Sources */,
				0AB0B5BF1CACAEAE004B2455 /* Frameworks */,
				0AB0B5C01CACAEAE004B2455 /* Resources */,
			);
			buildRules = (
			);
			dependencies = (
				0AB0B5C41CACAEAE004B2455 /* PBXTargetDependency */,
			);
			name = MusicVideoUITests;
			productName = MusicVideoUITests;
			productReference = 0AB0B5C21CACAEAE004B2455 /* MusicVideoUITests.xctest */;
			productType = "com.apple.product-type.bundle.ui-testing";
		};
/* End PBXNativeTarget section */

/* Begin PBXProject section */
		0AB0B59B1CACAEAD004B2455 /* Project object */ = {
			isa = PBXProject;
			attributes = {
				LastSwiftUpdateCheck = 0730;
				LastUpgradeCheck = 0730;
				ORGANIZATIONNAME = "Kevin Fournier";
				TargetAttributes = {
					0AB0B5A21CACAEAD004B2455 = {
						CreatedOnToolsVersion = 7.3;
						DevelopmentTeam = GQR6QK68PC;
					};
					0AB0B5B61CACAEAE004B2455 = {
						CreatedOnToolsVersion = 7.3;
						TestTargetID = 0AB0B5A21CACAEAD004B2455;
					};
					0AB0B5C11CACAEAE004B2455 = {
						CreatedOnToolsVersion = 7.3;
						TestTargetID = 0AB0B5A21CACAEAD004B2455;
					};
				};
			};
			buildConfigurationList = 0AB0B59E1CACAEAD004B2455 /* Build configuration list for PBXProject "MusicVideo" */;
			compatibilityVersion = "Xcode 3.2";
			developmentRegion = English;
			hasScannedForEncodings = 0;
			knownRegions = (
				en,
				Base,
			);
			mainGroup = 0AB0B59A1CACAEAD004B2455;
			productRefGroup = 0AB0B5A41CACAEAD004B2455 /* Products */;
			projectDirPath = "";
			projectRoot = "";
			targets = (
				0AB0B5A21CACAEAD004B2455 /* MusicVideo */,
				0AB0B5B61CACAEAE004B2455 /* MusicVideoTests */,
				0AB0B5C11CACAEAE004B2455 /* MusicVideoUITests */,
			);
		};
/* End PBXProject section */

/* Begin PBXResourcesBuildPhase section */
		0AB0B5A11CACAEAD004B2455 /* Resources */ = {
			isa = PBXResourcesBuildPhase;
			buildActionMask = 2147483647;
			files = (
				0AB0B5B11CACAEAD004B2455 /* LaunchScreen.storyboard in Resources */,
				0AB0B5AE1CACAEAD004B2455 /* Assets.xcassets in Resources */,
				0AB0B5AC1CACAEAD004B2455 /* Main.storyboard in Resources */,
			);
			runOnlyForDeploymentPostprocessing = 0;
		};
		0AB0B5B51CACAEAE004B2455 /* Resources */ = {
			isa = PBXResourcesBuildPhase;
			buildActionMask = 2147483647;
			files = (
			);
			runOnlyForDeploymentPostprocessing = 0;
		};
		0AB0B5C01CACAEAE004B2455 /* Resources */ = {
			isa = PBXResourcesBuildPhase;
			buildActionMask = 2147483647;
			files = (
			);
			runOnlyForDeploymentPostprocessing = 0;
		};
/* End PBXResourcesBuildPhase section */

/* Begin PBXSourcesBuildPhase section */
		0AB0B59F1CACAEAD004B2455 /* Sources */ = {
			isa = PBXSourcesBuildPhase;
			buildActionMask = 2147483647;
			files = (
				0AB0B5D91CACB50D004B2455 /* APIManager.swift in Sources */,
				0AB0B5A91CACAEAD004B2455 /* ViewController.swift in Sources */,
				0AB0B5A71CACAEAD004B2455 /* AppDelegate.swift in Sources */,
				0AF209F81CB0881D008A327C /* Constants.swift in Sources */,
				0AF209FA1CB08C0A008A327C /* MuiscVideo.swift in Sources */,
			);
			runOnlyForDeploymentPostprocessing = 0;
		};
		0AB0B5B31CACAEAE004B2455 /* Sources */ = {
			isa = PBXSourcesBuildPhase;
			buildActionMask = 2147483647;
			files = (
				0AB0B5BC1CACAEAE004B2455 /* MusicVideoTests.swift in Sources */,
			);
			runOnlyForDeploymentPostprocessing = 0;
		};
		0AB0B5BE1CACAEAE004B2455 /* Sources */ = {
			isa = PBXSourcesBuildPhase;
			buildActionMask = 2147483647;
			files = (
				0AB0B5C71CACAEAE004B2455 /* MusicVideoUITests.swift in Sources */,
			);
			runOnlyForDeploymentPostprocessing = 0;
		};
/* End PBXSourcesBuildPhase section */

/* Begin PBXTargetDependency section */
		0AB0B5B91CACAEAE004B2455 /* PBXTargetDependency */ = {
			isa = PBXTargetDependency;
			target = 0AB0B5A21CACAEAD004B2455 /* MusicVideo */;
			targetProxy = 0AB0B5B81CACAEAE004B2455 /* PBXContainerItemProxy */;
		};
		0AB0B5C41CACAEAE004B2455 /* PBXTargetDependency */ = {
			isa = PBXTargetDependency;
			target = 0AB0B5A21CACAEAD004B2455 /* MusicVideo */;
			targetProxy = 0AB0B5C31CACAEAE004B2455 /* PBXContainerItemProxy */;
		};
/* End PBXTargetDependency section */

/* Begin PBXVariantGroup section */
		0AB0B5AA1CACAEAD004B2455 /* Main.storyboard */ = {
			isa = PBXVariantGroup;
			children = (
				0AB0B5AB1CACAEAD004B2455 /* Base */,
			);
			name = Main.storyboard;
			sourceTree = "<group>";
		};
		0AB0B5AF1CACAEAD004B2455 /* LaunchScreen.storyboard */ = {
			isa = PBXVariantGroup;
			children = (
				0AB0B5B01CACAEAD004B2455 /* Base */,
			);
			name = LaunchScreen.storyboard;
			sourceTree = "<group>";
		};
/* End PBXVariantGroup section */

/* Begin XCBuildConfiguration section */
		0AB0B5C91CACAEAE004B2455 /* Debug */ = {
			isa = XCBuildConfiguration;
			buildSettings = {
				ALWAYS_SEARCH_USER_PATHS = NO;
				CLANG_ANALYZER_NONNULL = YES;
				CLANG_CXX_LANGUAGE_STANDARD = "gnu++0x";
				CLANG_CXX_LIBRARY = "libc++";
				CLANG_ENABLE_MODULES = YES;
				CLANG_ENABLE_OBJC_ARC = YES;
				CLANG_WARN_BOOL_CONVERSION = YES;
				CLANG_WARN_CONSTANT_CONVERSION = YES;
				CLANG_WARN_DIRECT_OBJC_ISA_USAGE = YES_ERROR;
				CLANG_WARN_EMPTY_BODY = YES;
				CLANG_WARN_ENUM_CONVERSION = YES;
				CLANG_WARN_INT_CONVERSION = YES;
				CLANG_WARN_OBJC_ROOT_CLASS = YES_ERROR;
				CLANG_WARN_UNREACHABLE_CODE = YES;
				CLANG_WARN__DUPLICATE_METHOD_MATCH = YES;
				"CODE_SIGN_IDENTITY[sdk=iphoneos*]" = "iPhone Developer";
				COPY_PHASE_STRIP = NO;
				DEBUG_INFORMATION_FORMAT = dwarf;
				ENABLE_STRICT_OBJC_MSGSEND = YES;
				ENABLE_TESTABILITY = YES;
				GCC_C_LANGUAGE_STANDARD = gnu99;
				GCC_DYNAMIC_NO_PIC = NO;
				GCC_NO_COMMON_BLOCKS = YES;
				GCC_OPTIMIZATION_LEVEL = 0;
				GCC_PREPROCESSOR_DEFINITIONS = (
					"DEBUG=1",
					"$(inherited)",
				);
				GCC_WARN_64_TO_32_BIT_CONVERSION = YES;
				GCC_WARN_ABOUT_RETURN_TYPE = YES_ERROR;
				GCC_WARN_UNDECLARED_SELECTOR = YES;
				GCC_WARN_UNINITIALIZED_AUTOS = YES_AGGRESSIVE;
				GCC_WARN_UNUSED_FUNCTION = YES;
				GCC_WARN_UNUSED_VARIABLE = YES;
				IPHONEOS_DEPLOYMENT_TARGET = 9.3;
				MTL_ENABLE_DEBUG_INFO = YES;
				ONLY_ACTIVE_ARCH = YES;
				SDKROOT = iphoneos;
				SWIFT_OPTIMIZATION_LEVEL = "-Onone";
				TARGETED_DEVICE_FAMILY = "1,2";
			};
			name = Debug;
		};
		0AB0B5CA1CACAEAE004B2455 /* Release */ = {
			isa = XCBuildConfiguration;
			buildSettings = {
				ALWAYS_SEARCH_USER_PATHS = NO;
				CLANG_ANALYZER_NONNULL = YES;
				CLANG_CXX_LANGUAGE_STANDARD = "gnu++0x";
				CLANG_CXX_LIBRARY = "libc++";
				CLANG_ENABLE_MODULES = YES;
				CLANG_ENABLE_OBJC_ARC = YES;
				CLANG_WARN_BOOL_CONVERSION = YES;
				CLANG_WARN_CONSTANT_CONVERSION = YES;
				CLANG_WARN_DIRECT_OBJC_ISA_USAGE = YES_ERROR;
				CLANG_WARN_EMPTY_BODY = YES;
				CLANG_WARN_ENUM_CONVERSION = YES;
				CLANG_WARN_INT_CONVERSION = YES;
				CLANG_WARN_OBJC_ROOT_CLASS = YES_ERROR;
				CLANG_WARN_UNREACHABLE_CODE = YES;
				CLANG_WARN__DUPLICATE_METHOD_MATCH = YES;
				"CODE_SIGN_IDENTITY[sdk=iphoneos*]" = "iPhone Developer";
				COPY_PHASE_STRIP = NO;
				DEBUG_INFORMATION_FORMAT = "dwarf-with-dsym";
				ENABLE_NS_ASSERTIONS = NO;
				ENABLE_STRICT_OBJC_MSGSEND = YES;
				GCC_C_LANGUAGE_STANDARD = gnu99;
				GCC_NO_COMMON_BLOCKS = YES;
				GCC_WARN_64_TO_32_BIT_CONVERSION = YES;
				GCC_WARN_ABOUT_RETURN_TYPE = YES_ERROR;
				GCC_WARN_UNDECLARED_SELECTOR = YES;
				GCC_WARN_UNINITIALIZED_AUTOS = YES_AGGRESSIVE;
				GCC_WARN_UNUSED_FUNCTION = YES;
				GCC_WARN_UNUSED_VARIABLE = YES;
				IPHONEOS_DEPLOYMENT_TARGET = 9.3;
				MTL_ENABLE_DEBUG_INFO = NO;
				SDKROOT = iphoneos;
				TARGETED_DEVICE_FAMILY = "1,2";
				VALIDATE_PRODUCT = YES;
			};
			name = Release;
		};
		0AB0B5CC1CACAEAE004B2455 /* Debug */ = {
			isa = XCBuildConfiguration;
			buildSettings = {
				ASSETCATALOG_COMPILER_APPICON_NAME = AppIcon;
				CODE_SIGN_IDENTITY = "iPhone Developer";
				INFOPLIST_FILE = MusicVideo/Info.plist;
				LD_RUNPATH_SEARCH_PATHS = "$(inherited) @executable_path/Frameworks";
				PRODUCT_BUNDLE_IDENTIFIER = BubbleUpSoftware.MusicVideo;
				PRODUCT_NAME = "$(TARGET_NAME)";
			};
			name = Debug;
		};
		0AB0B5CD1CACAEAE004B2455 /* Release */ = {
			isa = XCBuildConfiguration;
			buildSettings = {
				ASSETCATALOG_COMPILER_APPICON_NAME = AppIcon;
				CODE_SIGN_IDENTITY = "iPhone Developer";
				INFOPLIST_FILE = MusicVideo/Info.plist;
				LD_RUNPATH_SEARCH_PATHS = "$(inherited) @executable_path/Frameworks";
				PRODUCT_BUNDLE_IDENTIFIER = BubbleUpSoftware.MusicVideo;
				PRODUCT_NAME = "$(TARGET_NAME)";
			};
			name = Release;
		};
		0AB0B5CF1CACAEAE004B2455 /* Debug */ = {
			isa = XCBuildConfiguration;
			buildSettings = {
				BUNDLE_LOADER = "$(TEST_HOST)";
				INFOPLIST_FILE = MusicVideoTests/Info.plist;
				LD_RUNPATH_SEARCH_PATHS = "$(inherited) @executable_path/Frameworks @loader_path/Frameworks";
				PRODUCT_BUNDLE_IDENTIFIER = BubbleUpSoftware.MusicVideoTests;
				PRODUCT_NAME = "$(TARGET_NAME)";
				TEST_HOST = "$(BUILT_PRODUCTS_DIR)/MusicVideo.app/MusicVideo";
			};
			name = Debug;
		};
		0AB0B5D01CACAEAE004B2455 /* Release */ = {
			isa = XCBuildConfiguration;
			buildSettings = {
				BUNDLE_LOADER = "$(TEST_HOST)";
				INFOPLIST_FILE = MusicVideoTests/Info.plist;
				LD_RUNPATH_SEARCH_PATHS = "$(inherited) @executable_path/Frameworks @loader_path/Frameworks";
				PRODUCT_BUNDLE_IDENTIFIER = BubbleUpSoftware.MusicVideoTests;
				PRODUCT_NAME = "$(TARGET_NAME)";
				TEST_HOST = "$(BUILT_PRODUCTS_DIR)/MusicVideo.app/MusicVideo";
			};
			name = Release;
		};
		0AB0B5D21CACAEAE004B2455 /* Debug */ = {
			isa = XCBuildConfiguration;
			buildSettings = {
				INFOPLIST_FILE = MusicVideoUITests/Info.plist;
				LD_RUNPATH_SEARCH_PATHS = "$(inherited) @executable_path/Frameworks @loader_path/Frameworks";
				PRODUCT_BUNDLE_IDENTIFIER = BubbleUpSoftware.MusicVideoUITests;
				PRODUCT_NAME = "$(TARGET_NAME)";
				TEST_TARGET_NAME = MusicVideo;
			};
			name = Debug;
		};
		0AB0B5D31CACAEAE004B2455 /* Release */ = {
			isa = XCBuildConfiguration;
			buildSettings = {
				INFOPLIST_FILE = MusicVideoUITests/Info.plist;
				LD_RUNPATH_SEARCH_PATHS = "$(inherited) @executable_path/Frameworks @loader_path/Frameworks";
				PRODUCT_BUNDLE_IDENTIFIER = BubbleUpSoftware.MusicVideoUITests;
				PRODUCT_NAME = "$(TARGET_NAME)";
				TEST_TARGET_NAME = MusicVideo;
			};
			name = Release;
		};
/* End XCBuildConfiguration section */

/* Begin XCConfigurationList section */
		0AB0B59E1CACAEAD004B2455 /* Build configuration list for PBXProject "MusicVideo" */ = {
			isa = XCConfigurationList;
			buildConfigurations = (
				0AB0B5C91CACAEAE004B2455 /* Debug */,
				0AB0B5CA1CACAEAE004B2455 /* Release */,
			);
			defaultConfigurationIsVisible = 0;
			defaultConfigurationName = Release;
		};
		0AB0B5CB1CACAEAE004B2455 /* Build configuration list for PBXNativeTarget "MusicVideo" */ = {
			isa = XCConfigurationList;
			buildConfigurations = (
				0AB0B5CC1CACAEAE004B2455 /* Debug */,
				0AB0B5CD1CACAEAE004B2455 /* Release */,
			);
			defaultConfigurationIsVisible = 0;
			defaultConfigurationName = Release;
		};
		0AB0B5CE1CACAEAE004B2455 /* Build configuration list for PBXNativeTarget "MusicVideoTests" */ = {
			isa = XCConfigurationList;
			buildConfigurations = (
				0AB0B5CF1CACAEAE004B2455 /* Debug */,
				0AB0B5D01CACAEAE004B2455 /* Release */,
			);
			defaultConfigurationIsVisible = 0;
			defaultConfigurationName = Release;
		};
		0AB0B5D11CACAEAE004B2455 /* Build configuration list for PBXNativeTarget "MusicVideoUITests" */ = {
			isa = XCConfigurationList;
			buildConfigurations = (
				0AB0B5D21CACAEAE004B2455 /* Debug */,
				0AB0B5D31CACAEAE004B2455 /* Release */,
			);
			defaultConfigurationIsVisible = 0;
			defaultConfigurationName = Release;
		};
/* End XCConfigurationList section */
	};
	rootObject = 0AB0B59B1CACAEAD004B2455 /* Project object */;
}
